
Microsoft Visual Studio Solution File, Format Version 12.00
# Visual Studio 15
VisualStudioVersion = 15.0.27130.2024
MinimumVisualStudioVersion = 10.0.40219.1
Project("{FAE04EC0-301F-11D3-BF4B-00C04F79EFBC}") = "lib", "lib\lib.csproj", "{661CE08D-6A1D-405E-8008-7D3DB328274F}"
EndProject
Project("{FAE04EC0-301F-11D3-BF4B-00C04F79EFBC}") = "dw9", "dw9\dw9.csproj", "{F9A57F91-C81A-466B-B55C-F91AA5B92278}"
EndProject
Global
	GlobalSection(SolutionConfigurationPlatforms) = preSolution
		Debug|Any CPU = Debug|Any CPU
		Debug|x64 = Debug|x64
		Release|Any CPU = Release|Any CPU
		Release|x64 = Release|x64
	EndGlobalSection
	GlobalSection(ProjectConfigurationPlatforms) = postSolution
		{661CE08D-6A1D-405E-8008-7D3DB328274F}.Debug|Any CPU.ActiveCfg = Debug|Any CPU
		{661CE08D-6A1D-405E-8008-7D3DB328274F}.Debug|Any CPU.Build.0 = Debug|Any CPU
		{661CE08D-6A1D-405E-8008-7D3DB328274F}.Debug|x64.ActiveCfg = Debug|Any CPU
		{661CE08D-6A1D-405E-8008-7D3DB328274F}.Debug|x64.Build.0 = Debug|Any CPU
		{661CE08D-6A1D-405E-8008-7D3DB328274F}.Release|Any CPU.ActiveCfg = Release|Any CPU
		{661CE08D-6A1D-405E-8008-7D3DB328274F}.Release|Any CPU.Build.0 = Release|Any CPU
		{661CE08D-6A1D-405E-8008-7D3DB328274F}.Release|x64.ActiveCfg = Release|Any CPU
		{661CE08D-6A1D-405E-8008-7D3DB328274F}.Release|x64.Build.0 = Release|Any CPU
		{F9A57F91-C81A-466B-B55C-F91AA5B92278}.Debug|Any CPU.ActiveCfg = Debug|Any CPU
		{F9A57F91-C81A-466B-B55C-F91AA5B92278}.Debug|Any CPU.Build.0 = Debug|Any CPU
		{F9A57F91-C81A-466B-B55C-F91AA5B92278}.Debug|x64.ActiveCfg = Debug|Any CPU
		{F9A57F91-C81A-466B-B55C-F91AA5B92278}.Debug|x64.Build.0 = Debug|Any CPU
		{F9A57F91-C81A-466B-B55C-F91AA5B92278}.Release|Any CPU.ActiveCfg = Release|Any CPU
		{F9A57F91-C81A-466B-B55C-F91AA5B92278}.Release|Any CPU.Build.0 = Release|Any CPU
		{F9A57F91-C81A-466B-B55C-F91AA5B92278}.Release|x64.ActiveCfg = Release|Any CPU
		{F9A57F91-C81A-466B-B55C-F91AA5B92278}.Release|x64.Build.0 = Release|Any CPU
	EndGlobalSection
	GlobalSection(SolutionProperties) = preSolution
		HideSolutionNode = FALSE
	EndGlobalSection
	GlobalSection(ExtensibilityGlobals) = postSolution
		SolutionGuid = {656D6B21-432A-4CB4-BC73-12B1044C6407}
	EndGlobalSection
EndGlobal
